
Microsoft Visual Studio Solution File, Format Version 12.00
# Visual Studio 15
VisualStudioVersion = 15.0.27130.2003
MinimumVisualStudioVersion = 10.0.40219.1
Project("{FAE04EC0-301F-11D3-BF4B-00C04F79EFBC}") = "SEOAnalyser", "SEOAnalyser\SEOAnalyser.csproj", "{DCED3865-4369-475C-B154-5771DA927800}"
EndProject
Global
	GlobalSection(SolutionConfigurationPlatforms) = preSolution
		Debug|Any CPU = Debug|Any CPU
		Release|Any CPU = Release|Any CPU
	EndGlobalSection
	GlobalSection(ProjectConfigurationPlatforms) = postSolution
		{DCED3865-4369-475C-B154-5771DA927800}.Debug|Any CPU.ActiveCfg = Debug|Any CPU
		{DCED3865-4369-475C-B154-5771DA927800}.Debug|Any CPU.Build.0 = Debug|Any CPU
		{DCED3865-4369-475C-B154-5771DA927800}.Release|Any CPU.ActiveCfg = Release|Any CPU
		{DCED3865-4369-475C-B154-5771DA927800}.Release|Any CPU.Build.0 = Release|Any CPU
	EndGlobalSection
	GlobalSection(SolutionProperties) = preSolution
		HideSolutionNode = FALSE
	EndGlobalSection
	GlobalSection(ExtensibilityGlobals) = postSolution
		SolutionGuid = {E8960CE4-DAC7-45DC-A12A-3C4C0B36DAA8}
	EndGlobalSection
EndGlobal
